// !$*UTF8*$!
{
	archiveVersion = 1;
	classes = {
	};
	objectVersion = 46;
	objects = {

/* Begin PBXBuildFile section */
		588167CE1B83675600D09220 /* AppDelegate.swift in Sources */ = {isa = PBXBuildFile; fileRef = 588167CD1B83675600D09220 /* AppDelegate.swift */; };
		588167D01B83675600D09220 /* ViewController.swift in Sources */ = {isa = PBXBuildFile; fileRef = 588167CF1B83675600D09220 /* ViewController.swift */; };
		588167D31B83675600D09220 /* Main.storyboard in Resources */ = {isa = PBXBuildFile; fileRef = 588167D11B83675600D09220 /* Main.storyboard */; };
		588167D51B83675600D09220 /* Assets.xcassets in Resources */ = {isa = PBXBuildFile; fileRef = 588167D41B83675600D09220 /* Assets.xcassets */; };
		588167D81B83675600D09220 /* LaunchScreen.storyboard in Resources */ = {isa = PBXBuildFile; fileRef = 588167D61B83675600D09220 /* LaunchScreen.storyboard */; };
		8CC7459C1F1EBF0000A86160 /* URLHandler.swift in Sources */ = {isa = PBXBuildFile; fileRef = 8CC7459B1F1EBF0000A86160 /* URLHandler.swift */; };
/* End PBXBuildFile section */

/* Begin PBXFileReference section */
		585208A51B837F4F00655137 /* README.md */ = {isa = PBXFileReference; lastKnownFileType = net.daringfireball.markdown; path = README.md; sourceTree = SOURCE_ROOT; };
		588167CA1B83675600D09220 /* SafariAutoLoginTest.app */ = {isa = PBXFileReference; explicitFileType = wrapper.application; includeInIndex = 0; path = SafariAutoLoginTest.app; sourceTree = BUILT_PRODUCTS_DIR; };
		588167CD1B83675600D09220 /* AppDelegate.swift */ = {isa = PBXFileReference; lastKnownFileType = sourcecode.swift; path = AppDelegate.swift; sourceTree = "<group>"; };
		588167CF1B83675600D09220 /* ViewController.swift */ = {isa = PBXFileReference; lastKnownFileType = sourcecode.swift; path = ViewController.swift; sourceTree = "<group>"; };
		588167D21B83675600D09220 /* Base */ = {isa = PBXFileReference; lastKnownFileType = file.storyboard; name = Base; path = Base.lproj/Main.storyboard; sourceTree = "<group>"; };
		588167D41B83675600D09220 /* Assets.xcassets */ = {isa = PBXFileReference; lastKnownFileType = folder.assetcatalog; path = Assets.xcassets; sourceTree = "<group>"; };
		588167D71B83675600D09220 /* Base */ = {isa = PBXFileReference; lastKnownFileType = file.storyboard; name = Base; path = Base.lproj/LaunchScreen.storyboard; sourceTree = "<group>"; };
		588167D91B83675600D09220 /* Info.plist */ = {isa = PBXFileReference; lastKnownFileType = text.plist.xml; path = Info.plist; sourceTree = "<group>"; };
		588167DF1B83707A00D09220 /* index.html */ = {isa = PBXFileReference; fileEncoding = 4; lastKnownFileType = text.html; path = index.html; sourceTree = SOURCE_ROOT; };
		8CC7459B1F1EBF0000A86160 /* URLHandler.swift */ = {isa = PBXFileReference; lastKnownFileType = sourcecode.swift; path = URLHandler.swift; sourceTree = "<group>"; };
/* End PBXFileReference section */

/* Begin PBXFrameworksBuildPhase section */
		588167C71B83675600D09220 /* Frameworks */ = {
			isa = PBXFrameworksBuildPhase;
			buildActionMask = 2147483647;
			files = (
			);
			runOnlyForDeploymentPostprocessing = 0;
		};
/* End PBXFrameworksBuildPhase section */

/* Begin PBXGroup section */
		588167C11B83675600D09220 = {
			isa = PBXGroup;
			children = (
				588167CC1B83675600D09220 /* SafariAutoLoginTest */,
				588167CB1B83675600D09220 /* Products */,
			);
			sourceTree = "<group>";
		};
		588167CB1B83675600D09220 /* Products */ = {
			isa = PBXGroup;
			children = (
				588167CA1B83675600D09220 /* SafariAutoLoginTest.app */,
			);
			name = Products;
			sourceTree = "<group>";
		};
		588167CC1B83675600D09220 /* SafariAutoLoginTest */ = {
			isa = PBXGroup;
			children = (
				588167CD1B83675600D09220 /* AppDelegate.swift */,
				588167D41B83675600D09220 /* Assets.xcassets */,
				588167DF1B83707A00D09220 /* index.html */,
				588167D91B83675600D09220 /* Info.plist */,
				588167D61B83675600D09220 /* LaunchScreen.storyboard */,
				588167D11B83675600D09220 /* Main.storyboard */,
				588167CF1B83675600D09220 /* ViewController.swift */,
				585208A51B837F4F00655137 /* README.md */,
				8CC7459B1F1EBF0000A86160 /* URLHandler.swift */,
			);
			path = SafariAutoLoginTest;
			sourceTree = "<group>";
		};
/* End PBXGroup section */

/* Begin PBXNativeTarget section */
		588167C91B83675600D09220 /* SafariAutoLoginTest */ = {
			isa = PBXNativeTarget;
			buildConfigurationList = 588167DC1B83675600D09220 /* Build configuration list for PBXNativeTarget "SafariAutoLoginTest" */;
			buildPhases = (
				588167C61B83675600D09220 /* Sources */,
				588167C71B83675600D09220 /* Frameworks */,
				588167C81B83675600D09220 /* Resources */,
			);
			buildRules = (
			);
			dependencies = (
			);
			name = SafariAutoLoginTest;
			productName = SafariAutoLoginTest;
			productReference = 588167CA1B83675600D09220 /* SafariAutoLoginTest.app */;
			productType = "com.apple.product-type.application";
		};
/* End PBXNativeTarget section */

/* Begin PBXProject section */
		588167C21B83675600D09220 /* Project object */ = {
			isa = PBXProject;
			attributes = {
				LastUpgradeCheck = 0900;
				ORGANIZATIONNAME = "Kuba Suder";
				TargetAttributes = {
					588167C91B83675600D09220 = {
						CreatedOnToolsVersion = 7.0;
						LastSwiftMigration = 0900;
					};
				};
			};
			buildConfigurationList = 588167C51B83675600D09220 /* Build configuration list for PBXProject "SafariAutoLoginTest" */;
			compatibilityVersion = "Xcode 3.2";
			developmentRegion = English;
			hasScannedForEncodings = 0;
			knownRegions = (
				en,
				Base,
			);
			mainGroup = 588167C11B83675600D09220;
			productRefGroup = 588167CB1B83675600D09220 /* Products */;
			projectDirPath = "";
			projectRoot = "";
			targets = (
				588167C91B83675600D09220 /* SafariAutoLoginTest */,
			);
		};
/* End PBXProject section */

/* Begin PBXResourcesBuildPhase section */
		588167C81B83675600D09220 /* Resources */ = {
			isa = PBXResourcesBuildPhase;
			buildActionMask = 2147483647;
			files = (
				588167D81B83675600D09220 /* LaunchScreen.storyboard in Resources */,
				588167D51B83675600D09220 /* Assets.xcassets in Resources */,
				588167D31B83675600D09220 /* Main.storyboard in Resources */,
			);
			runOnlyForDeploymentPostprocessing = 0;
		};
/* End PBXResourcesBuildPhase section */

/* Begin PBXSourcesBuildPhase section */
		588167C61B83675600D09220 /* Sources */ = {
			isa = PBXSourcesBuildPhase;
			buildActionMask = 2147483647;
			files = (
				588167D01B83675600D09220 /* ViewController.swift in Sources */,
				588167CE1B83675600D09220 /* AppDelegate.swift in Sources */,
				8CC7459C1F1EBF0000A86160 /* URLHandler.swift in Sources */,
			);
			runOnlyForDeploymentPostprocessing = 0;
		};
/* End PBXSourcesBuildPhase section */

/* Begin PBXVariantGroup section */
		588167D11B83675600D09220 /* Main.storyboard */ = {
			isa = PBXVariantGroup;
			children = (
				588167D21B83675600D09220 /* Base */,
			);
			name = Main.storyboard;
			sourceTree = "<group>";
		};
		588167D61B83675600D09220 /* LaunchScreen.storyboard */ = {
			isa = PBXVariantGroup;
			children = (
				588167D71B83675600D09220 /* Base */,
			);
			name = LaunchScreen.storyboard;
			sourceTree = "<group>";
		};
/* End PBXVariantGroup section */

/* Begin XCBuildConfiguration section */
		588167DA1B83675600D09220 /* Debug */ = {
			isa = XCBuildConfiguration;
			buildSettings = {
				ALWAYS_SEARCH_USER_PATHS = NO;
				CLANG_CXX_LANGUAGE_STANDARD = "gnu++0x";
				CLANG_CXX_LIBRARY = "libc++";
				CLANG_ENABLE_MODULES = YES;
				CLANG_ENABLE_OBJC_ARC = YES;
				CLANG_WARN_BLOCK_CAPTURE_AUTORELEASING = YES;
				CLANG_WARN_BOOL_CONVERSION = YES;
				CLANG_WARN_COMMA = YES;
				CLANG_WARN_CONSTANT_CONVERSION = YES;
				CLANG_WARN_DIRECT_OBJC_ISA_USAGE = YES_ERROR;
				CLANG_WARN_EMPTY_BODY = YES;
				CLANG_WARN_ENUM_CONVERSION = YES;
				CLANG_WARN_INFINITE_RECURSION = YES;
				CLANG_WARN_INT_CONVERSION = YES;
				CLANG_WARN_NON_LITERAL_NULL_CONVERSION = YES;
				CLANG_WARN_OBJC_LITERAL_CONVERSION = YES;
				CLANG_WARN_OBJC_ROOT_CLASS = YES_ERROR;
				CLANG_WARN_RANGE_LOOP_ANALYSIS = YES;
				CLANG_WARN_STRICT_PROTOTYPES = YES;
				CLANG_WARN_SUSPICIOUS_MOVE = YES;
				CLANG_WARN_UNREACHABLE_CODE = YES;
				CLANG_WARN__DUPLICATE_METHOD_MATCH = YES;
				"CODE_SIGN_IDENTITY[sdk=iphoneos*]" = "iPhone Developer";
				COPY_PHASE_STRIP = NO;
				DEBUG_INFORMATION_FORMAT = dwarf;
				ENABLE_STRICT_OBJC_MSGSEND = YES;
				ENABLE_TESTABILITY = YES;
				GCC_C_LANGUAGE_STANDARD = gnu99;
				GCC_DYNAMIC_NO_PIC = NO;
				GCC_NO_COMMON_BLOCKS = YES;
				GCC_OPTIMIZATION_LEVEL = 0;
				GCC_PREPROCESSOR_DEFINITIONS = (
					"DEBUG=1",
					"$(inherited)",
				);
				GCC_WARN_64_TO_32_BIT_CONVERSION = YES;
				GCC_WARN_ABOUT_RETURN_TYPE = YES_ERROR;
				GCC_WARN_UNDECLARED_SELECTOR = YES;
				GCC_WARN_UNINITIALIZED_AUTOS = YES_AGGRESSIVE;
				GCC_WARN_UNUSED_FUNCTION = YES;
				GCC_WARN_UNUSED_VARIABLE = YES;
				IPHONEOS_DEPLOYMENT_TARGET = 9.0;
				MTL_ENABLE_DEBUG_INFO = YES;
				ONLY_ACTIVE_ARCH = YES;
				SDKROOT = iphoneos;
				SWIFT_OPTIMIZATION_LEVEL = "-Onone";
			};
			name = Debug;
		};
		588167DB1B83675600D09220 /* Release */ = {
			isa = XCBuildConfiguration;
			buildSettings = {
				ALWAYS_SEARCH_USER_PATHS = NO;
				CLANG_CXX_LANGUAGE_STANDARD = "gnu++0x";
				CLANG_CXX_LIBRARY = "libc++";
				CLANG_ENABLE_MODULES = YES;
				CLANG_ENABLE_OBJC_ARC = YES;
				CLANG_WARN_BLOCK_CAPTURE_AUTORELEASING = YES;
				CLANG_WARN_BOOL_CONVERSION = YES;
				CLANG_WARN_COMMA = YES;
				CLANG_WARN_CONSTANT_CONVERSION = YES;
				CLANG_WARN_DIRECT_OBJC_ISA_USAGE = YES_ERROR;
				CLANG_WARN_EMPTY_BODY = YES;
				CLANG_WARN_ENUM_CONVERSION = YES;
				CLANG_WARN_INFINITE_RECURSION = YES;
				CLANG_WARN_INT_CONVERSION = YES;
				CLANG_WARN_NON_LITERAL_NULL_CONVERSION = YES;
				CLANG_WARN_OBJC_LITERAL_CONVERSION = YES;
				CLANG_WARN_OBJC_ROOT_CLASS = YES_ERROR;
				CLANG_WARN_RANGE_LOOP_ANALYSIS = YES;
				CLANG_WARN_STRICT_PROTOTYPES = YES;
				CLANG_WARN_SUSPICIOUS_MOVE = YES;
				CLANG_WARN_UNREACHABLE_CODE = YES;
				CLANG_WARN__DUPLICATE_METHOD_MATCH = YES;
				"CODE_SIGN_IDENTITY[sdk=iphoneos*]" = "iPhone Developer";
				COPY_PHASE_STRIP = NO;
				DEBUG_INFORMATION_FORMAT = "dwarf-with-dsym";
				ENABLE_NS_ASSERTIONS = NO;
				ENABLE_STRICT_OBJC_MSGSEND = YES;
				GCC_C_LANGUAGE_STANDARD = gnu99;
				GCC_NO_COMMON_BLOCKS = YES;
				GCC_WARN_64_TO_32_BIT_CONVERSION = YES;
				GCC_WARN_ABOUT_RETURN_TYPE = YES_ERROR;
				GCC_WARN_UNDECLARED_SELECTOR = YES;
				GCC_WARN_UNINITIALIZED_AUTOS = YES_AGGRESSIVE;
				GCC_WARN_UNUSED_FUNCTION = YES;
				GCC_WARN_UNUSED_VARIABLE = YES;
				IPHONEOS_DEPLOYMENT_TARGET = 9.0;
				MTL_ENABLE_DEBUG_INFO = NO;
				SDKROOT = iphoneos;
				SWIFT_OPTIMIZATION_LEVEL = "-Owholemodule";
				VALIDATE_PRODUCT = YES;
			};
			name = Release;
		};
		588167DD1B83675600D09220 /* Debug */ = {
			isa = XCBuildConfiguration;
			buildSettings = {
				ASSETCATALOG_COMPILER_APPICON_NAME = AppIcon;
				INFOPLIST_FILE = SafariAutoLoginTest/Info.plist;
				LD_RUNPATH_SEARCH_PATHS = "$(inherited) @executable_path/Frameworks";
				PRODUCT_BUNDLE_IDENTIFIER = eu.mackuba.SafariAutoLoginTest;
				PRODUCT_NAME = "$(TARGET_NAME)";
				SWIFT_SWIFT3_OBJC_INFERENCE = On;
				SWIFT_VERSION = 4.0;
			};
			name = Debug;
		};
		588167DE1B83675600D09220 /* Release */ = {
			isa = XCBuildConfiguration;
			buildSettings = {
				ASSETCATALOG_COMPILER_APPICON_NAME = AppIcon;
				INFOPLIST_FILE = SafariAutoLoginTest/Info.plist;
				LD_RUNPATH_SEARCH_PATHS = "$(inherited) @executable_path/Frameworks";
				PRODUCT_BUNDLE_IDENTIFIER = eu.mackuba.SafariAutoLoginTest;
				PRODUCT_NAME = "$(TARGET_NAME)";
				SWIFT_SWIFT3_OBJC_INFERENCE = On;
				SWIFT_VERSION = 4.0;
			};
			name = Release;
		};
/* End XCBuildConfiguration section */

/* Begin XCConfigurationList section */
		588167C51B83675600D09220 /* Build configuration list for PBXProject "SafariAutoLoginTest" */ = {
			isa = XCConfigurationList;
			buildConfigurations = (
				588167DA1B83675600D09220 /* Debug */,
				588167DB1B83675600D09220 /* Release */,
			);
			defaultConfigurationIsVisible = 0;
			defaultConfigurationName = Release;
		};
		588167DC1B83675600D09220 /* Build configuration list for PBXNativeTarget "SafariAutoLoginTest" */ = {
			isa = XCConfigurationList;
			buildConfigurations = (
				588167DD1B83675600D09220 /* Debug */,
				588167DE1B83675600D09220 /* Release */,
			);
			defaultConfigurationIsVisible = 0;
			defaultConfigurationName = Release;
		};
/* End XCConfigurationList section */
	};
	rootObject = 588167C21B83675600D09220 /* Project object */;
}
